// !$*UTF8*$!
{
	archiveVersion = 1;
	classes = {
	};
	objectVersion = 56;
	objects = {

/* Begin PBXBuildFile section */
		F2000000000000000000B001 /* GentleMatesWidgetApp.swift in Sources */ = {isa = PBXBuildFile; fileRef = F1000000000000000000A001 /* GentleMatesWidgetApp.swift */; };
		F2000000000000000000B002 /* ContentView.swift in Sources */ = {isa = PBXBuildFile; fileRef = F1000000000000000000A002 /* ContentView.swift */; };
		F2000000000000000000B003 /* DesignTokens.swift in Sources */ = {isa = PBXBuildFile; fileRef = F1000000000000000000A003 /* DesignTokens.swift */; };
		F2000000000000000000B103 /* DesignTokens.swift in Sources */ = {isa = PBXBuildFile; fileRef = F1000000000000000000A003 /* DesignTokens.swift */; };
		F2000000000000000000B004 /* Match.swift in Sources */ = {isa = PBXBuildFile; fileRef = F1000000000000000000A004 /* Match.swift */; };
		F2000000000000000000B005 /* GameStyle.swift in Sources */ = {isa = PBXBuildFile; fileRef = F1000000000000000000A005 /* GameStyle.swift */; };
		F2000000000000000000B006 /* MatchesProvider.swift in Sources */ = {isa = PBXBuildFile; fileRef = F1000000000000000000A006 /* MatchesProvider.swift */; };
		F2000000000000000000B007 /* MockMatchesProvider.swift in Sources */ = {isa = PBXBuildFile; fileRef = F1000000000000000000A007 /* MockMatchesProvider.swift */; };
		F2000000000000000000B008 /* GentleMatesAPIProvider.swift in Sources */ = {isa = PBXBuildFile; fileRef = F1000000000000000000A008 /* GentleMatesAPIProvider.swift */; };
		F2000000000000000000B009 /* APIConfiguration.swift in Sources */ = {isa = PBXBuildFile; fileRef = F1000000000000000000A009 /* APIConfiguration.swift */; };
		F2000000000000000000B00A /* ProviderFactory.swift in Sources */ = {isa = PBXBuildFile; fileRef = F1000000000000000000A00A /* ProviderFactory.swift */; };
		F2000000000000000000B00B /* MatchTimelineProvider.swift in Sources */ = {isa = PBXBuildFile; fileRef = F1000000000000000000A00B /* MatchTimelineProvider.swift */; };
		F2000000000000000000B00C /* MatchWidgetView.swift in Sources */ = {isa = PBXBuildFile; fileRef = F1000000000000000000A00C /* MatchWidgetView.swift */; };
		F2000000000000000000B00D /* GentleMatesWidgetBundle.swift in Sources */ = {isa = PBXBuildFile; fileRef = F1000000000000000000A00D /* GentleMatesWidgetBundle.swift */; };
		F2000000000000000000B0A1 /* Assets.xcassets in Resources */ = {isa = PBXBuildFile; fileRef = F1000000000000000000A0A1 /* Assets.xcassets */; };
		F2000000000000000000B0A2 /* Assets.xcassets in Resources */ = {isa = PBXBuildFile; fileRef = F1000000000000000000A0A2 /* Assets.xcassets */; };
		F2000000000000000000B0F2 /* GentleMatesWidgetExtension.appex in Embed Foundation Extensions */ = {isa = PBXBuildFile; fileRef = F1000000000000000000A0F2 /* GentleMatesWidgetExtension.appex */; settings = {ATTRIBUTES = (RemoveHeadersOnCopy, ); }; };
/* End PBXBuildFile section */

/* Begin PBXContainerItemProxy section */
		F9000000000000000000C001 /* PBXContainerItemProxy */ = {
			isa = PBXContainerItemProxy;
			containerPortal = F8000000000000000000B001 /* Project object */;
			proxyType = 1;
			remoteGlobalIDString = F4000000000000000000D002;
			remoteInfo = GentleMatesWidgetExtension;
		};
/* End PBXContainerItemProxy section */

/* Begin PBXCopyFilesBuildPhase section */
		F5000000000000000000E004 /* Embed Foundation Extensions */ = {
			isa = PBXCopyFilesBuildPhase;
			buildActionMask = 2147483647;
			dstPath = "";
			dstSubfolderSpec = 13;
			files = (
				F2000000000000000000B0F2 /* GentleMatesWidgetExtension.appex in Embed Foundation Extensions */,
			);
			name = "Embed Foundation Extensions";
			runOnlyForDeploymentPostprocessing = 0;
		};
/* End PBXCopyFilesBuildPhase section */

/* Begin PBXFileReference section */
		F1000000000000000000A0F1 /* GentleMatesWidget.app */ = {isa = PBXFileReference; explicitFileType = wrapper.application; includeInIndex = 0; path = GentleMatesWidget.app; sourceTree = BUILT_PRODUCTS_DIR; };
		F1000000000000000000A0F2 /* GentleMatesWidgetExtension.appex */ = {isa = PBXFileReference; explicitFileType = "wrapper.app-extension"; includeInIndex = 0; path = GentleMatesWidgetExtension.appex; sourceTree = BUILT_PRODUCTS_DIR; };
		F1000000000000000000A001 /* GentleMatesWidgetApp.swift */ = {isa = PBXFileReference; lastKnownFileType = sourcecode.swift; path = GentleMatesWidgetApp.swift; sourceTree = "<group>"; };
		F1000000000000000000A002 /* ContentView.swift */ = {isa = PBXFileReference; lastKnownFileType = sourcecode.swift; path = ContentView.swift; sourceTree = "<group>"; };
		F1000000000000000000A003 /* DesignTokens.swift */ = {isa = PBXFileReference; lastKnownFileType = sourcecode.swift; path = DesignTokens.swift; sourceTree = "<group>"; };
		F1000000000000000000A004 /* Match.swift */ = {isa = PBXFileReference; lastKnownFileType = sourcecode.swift; path = Match.swift; sourceTree = "<group>"; };
		F1000000000000000000A005 /* GameStyle.swift */ = {isa = PBXFileReference; lastKnownFileType = sourcecode.swift; path = GameStyle.swift; sourceTree = "<group>"; };
		F1000000000000000000A006 /* MatchesProvider.swift */ = {isa = PBXFileReference; lastKnownFileType = sourcecode.swift; path = MatchesProvider.swift; sourceTree = "<group>"; };
		F1000000000000000000A007 /* MockMatchesProvider.swift */ = {isa = PBXFileReference; lastKnownFileType = sourcecode.swift; path = MockMatchesProvider.swift; sourceTree = "<group>"; };
		F1000000000000000000A008 /* GentleMatesAPIProvider.swift */ = {isa = PBXFileReference; lastKnownFileType = sourcecode.swift; path = GentleMatesAPIProvider.swift; sourceTree = "<group>"; };
		F1000000000000000000A009 /* APIConfiguration.swift */ = {isa = PBXFileReference; lastKnownFileType = sourcecode.swift; path = APIConfiguration.swift; sourceTree = "<group>"; };
		F1000000000000000000A00A /* ProviderFactory.swift */ = {isa = PBXFileReference; lastKnownFileType = sourcecode.swift; path = ProviderFactory.swift; sourceTree = "<group>"; };
		F1000000000000000000A00B /* MatchTimelineProvider.swift */ = {isa = PBXFileReference; lastKnownFileType = sourcecode.swift; path = MatchTimelineProvider.swift; sourceTree = "<group>"; };
		F1000000000000000000A00C /* MatchWidgetView.swift */ = {isa = PBXFileReference; lastKnownFileType = sourcecode.swift; path = MatchWidgetView.swift; sourceTree = "<group>"; };
		F1000000000000000000A00D /* GentleMatesWidgetBundle.swift */ = {isa = PBXFileReference; lastKnownFileType = sourcecode.swift; path = GentleMatesWidgetBundle.swift; sourceTree = "<group>"; };
		F1000000000000000000A00E /* Info.plist */ = {isa = PBXFileReference; lastKnownFileType = text.plist.xml; path = Info.plist; sourceTree = "<group>"; };
		F1000000000000000000A0A1 /* Assets.xcassets */ = {isa = PBXFileReference; lastKnownFileType = folder.assetcatalog; path = Assets.xcassets; sourceTree = "<group>"; };
		F1000000000000000000A0A2 /* Assets.xcassets */ = {isa = PBXFileReference; lastKnownFileType = folder.assetcatalog; path = Assets.xcassets; sourceTree = "<group>"; };
/* End PBXFileReference section */

/* Begin PBXFrameworksBuildPhase section */
		F5000000000000000000E002 /* Frameworks */ = {
			isa = PBXFrameworksBuildPhase;
			buildActionMask = 2147483647;
			files = (
			);
			runOnlyForDeploymentPostprocessing = 0;
		};
		F5000000000000000000E006 /* Frameworks */ = {
			isa = PBXFrameworksBuildPhase;
			buildActionMask = 2147483647;
			files = (
			);
			runOnlyForDeploymentPostprocessing = 0;
		};
/* End PBXFrameworksBuildPhase section */

/* Begin PBXGroup section */
		F3000000000000000000C001 = {
			isa = PBXGroup;
			children = (
				F3000000000000000000C002 /* GentleMatesWidget */,
				F3000000000000000000C003 /* GentleMatesWidgetExtension */,
				F3000000000000000000C006 /* Products */,
			);
			sourceTree = "<group>";
		};
		F3000000000000000000C002 /* GentleMatesWidget */ = {
			isa = PBXGroup;
			children = (
				F1000000000000000000A001 /* GentleMatesWidgetApp.swift */,
				F1000000000000000000A002 /* ContentView.swift */,
				F1000000000000000000A0A1 /* Assets.xcassets */,
			);
			path = GentleMatesWidget;
			sourceTree = "<group>";
		};
		F3000000000000000000C003 /* GentleMatesWidgetExtension */ = {
			isa = PBXGroup;
			children = (
				F3000000000000000000C005 /* Models */,
				F3000000000000000000C004 /* Providers */,
				F1000000000000000000A003 /* DesignTokens.swift */,
				F1000000000000000000A005 /* GameStyle.swift */,
				F1000000000000000000A00B /* MatchTimelineProvider.swift */,
				F1000000000000000000A00C /* MatchWidgetView.swift */,
				F1000000000000000000A00D /* GentleMatesWidgetBundle.swift */,
				F1000000000000000000A0A2 /* Assets.xcassets */,
				F1000000000000000000A00E /* Info.plist */,
			);
			path = GentleMatesWidgetExtension;
			sourceTree = "<group>";
		};
		F3000000000000000000C004 /* Providers */ = {
			isa = PBXGroup;
			children = (
				F1000000000000000000A006 /* MatchesProvider.swift */,
				F1000000000000000000A007 /* MockMatchesProvider.swift */,
				F1000000000000000000A008 /* GentleMatesAPIProvider.swift */,
				F1000000000000000000A009 /* APIConfiguration.swift */,
				F1000000000000000000A00A /* ProviderFactory.swift */,
			);
			path = Providers;
			sourceTree = "<group>";
		};
		F3000000000000000000C005 /* Models */ = {
			isa = PBXGroup;
			children = (
				F1000000000000000000A004 /* Match.swift */,
			);
			path = Models;
			sourceTree = "<group>";
		};
		F3000000000000000000C006 /* Products */ = {
			isa = PBXGroup;
			children = (
				F1000000000000000000A0F1 /* GentleMatesWidget.app */,
				F1000000000000000000A0F2 /* GentleMatesWidgetExtension.appex */,
			);
			name = Products;
			sourceTree = "<group>";
		};
/* End PBXGroup section */

/* Begin PBXNativeTarget section */
		F4000000000000000000D001 /* GentleMatesWidget */ = {
			isa = PBXNativeTarget;
			buildConfigurationList = F6000000000000000000F002 /* Build configuration list for PBXNativeTarget "GentleMatesWidget" */;
			buildPhases = (
				F5000000000000000000E001 /* Sources */,
				F5000000000000000000E002 /* Frameworks */,
				F5000000000000000000E003 /* Resources */,
				F5000000000000000000E004 /* Embed Foundation Extensions */,
			);
			buildRules = (
			);
			dependencies = (
				F9000000000000000000C002 /* PBXTargetDependency */,
			);
			name = GentleMatesWidget;
			productName = GentleMatesWidget;
			productReference = F1000000000000000000A0F1 /* GentleMatesWidget.app */;
			productType = "com.apple.product-type.application";
		};
		F4000000000000000000D002 /* GentleMatesWidgetExtension */ = {
			isa = PBXNativeTarget;
			buildConfigurationList = F6000000000000000000F003 /* Build configuration list for PBXNativeTarget "GentleMatesWidgetExtension" */;
			buildPhases = (
				F5000000000000000000E005 /* Sources */,
				F5000000000000000000E006 /* Frameworks */,
				F5000000000000000000E007 /* Resources */,
			);
			buildRules = (
			);
			dependencies = (
			);
			name = GentleMatesWidgetExtension;
			productName = GentleMatesWidgetExtension;
			productReference = F1000000000000000000A0F2 /* GentleMatesWidgetExtension.appex */;
			productType = "com.apple.product-type.app-extension";
		};
/* End PBXNativeTarget section */

/* Begin PBXProject section */
		F8000000000000000000B001 /* Project object */ = {
			isa = PBXProject;
			attributes = {
				BuildIndependentTargetsInParallel = 1;
				LastSwiftUpdateCheck = 1500;
				LastUpgradeCheck = 1500;
				TargetAttributes = {
					F4000000000000000000D001 = {
						CreatedOnToolsVersion = 15.0;
					};
					F4000000000000000000D002 = {
						CreatedOnToolsVersion = 15.0;
					};
				};
			};
			buildConfigurationList = F6000000000000000000F001 /* Build configuration list for PBXProject "GentleMatesWidget" */;
			compatibilityVersion = "Xcode 14.0";
			developmentRegion = en;
			hasScannedForEncodings = 0;
			knownRegions = (
				en,
				Base,
			);
			mainGroup = F3000000000000000000C001;
			productRefGroup = F3000000000000000000C006 /* Products */;
			projectDirPath = "";
			projectRoot = "";
			targets = (
				F4000000000000000000D001 /* GentleMatesWidget */,
				F4000000000000000000D002 /* GentleMatesWidgetExtension */,
			);
		};
/* End PBXProject section */

/* Begin PBXResourcesBuildPhase section */
		F5000000000000000000E003 /* Resources */ = {
			isa = PBXResourcesBuildPhase;
			buildActionMask = 2147483647;
			files = (
				F2000000000000000000B0A1 /* Assets.xcassets in Resources */,
			);
			runOnlyForDeploymentPostprocessing = 0;
		};
		F5000000000000000000E007 /* Resources */ = {
			isa = PBXResourcesBuildPhase;
			buildActionMask = 2147483647;
			files = (
				F2000000000000000000B0A2 /* Assets.xcassets in Resources */,
			);
			runOnlyForDeploymentPostprocessing = 0;
		};
/* End PBXResourcesBuildPhase section */

/* Begin PBXSourcesBuildPhase section */
		F5000000000000000000E001 /* Sources */ = {
			isa = PBXSourcesBuildPhase;
			buildActionMask = 2147483647;
			files = (
				F2000000000000000000B002 /* ContentView.swift in Sources */,
				F2000000000000000000B001 /* GentleMatesWidgetApp.swift in Sources */,
				F2000000000000000000B003 /* DesignTokens.swift in Sources */,
			);
			runOnlyForDeploymentPostprocessing = 0;
		};
		F5000000000000000000E005 /* Sources */ = {
			isa = PBXSourcesBuildPhase;
			buildActionMask = 2147483647;
			files = (
				F2000000000000000000B004 /* Match.swift in Sources */,
				F2000000000000000000B103 /* DesignTokens.swift in Sources */,
				F2000000000000000000B005 /* GameStyle.swift in Sources */,
				F2000000000000000000B006 /* MatchesProvider.swift in Sources */,
				F2000000000000000000B007 /* MockMatchesProvider.swift in Sources */,
				F2000000000000000000B008 /* GentleMatesAPIProvider.swift in Sources */,
				F2000000000000000000B009 /* APIConfiguration.swift in Sources */,
				F2000000000000000000B00A /* ProviderFactory.swift in Sources */,
				F2000000000000000000B00B /* MatchTimelineProvider.swift in Sources */,
				F2000000000000000000B00C /* MatchWidgetView.swift in Sources */,
				F2000000000000000000B00D /* GentleMatesWidgetBundle.swift in Sources */,
			);
			runOnlyForDeploymentPostprocessing = 0;
		};
/* End PBXSourcesBuildPhase section */

/* Begin PBXTargetDependency section */
		F9000000000000000000C002 /* PBXTargetDependency */ = {
			isa = PBXTargetDependency;
			target = F4000000000000000000D002 /* GentleMatesWidgetExtension */;
			targetProxy = F9000000000000000000C001 /* PBXContainerItemProxy */;
		};
/* End PBXTargetDependency section */

/* Begin XCBuildConfiguration section */
		F7000000000000000000A011 /* Debug */ = {
			isa = XCBuildConfiguration;
			buildSettings = {
				ALWAYS_SEARCH_USER_PATHS = NO;
				ASSETCATALOG_COMPILER_GENERATE_SWIFT_ASSET_SYMBOL_EXTENSIONS = YES;
				CLANG_ANALYZER_NONNULL = YES;
				CLANG_ANALYZER_NUMBER_OBJECT_CONVERSION = YES_AGGRESSIVE;
				CLANG_CXX_LANGUAGE_STANDARD = "gnu++20";
				CLANG_ENABLE_MODULES = YES;
				CLANG_ENABLE_OBJC_ARC = YES;
				CLANG_ENABLE_OBJC_WEAK = YES;
				CLANG_WARN_BLOCK_CAPTURE_AUTORELEASING = YES;
				CLANG_WARN_BOOL_CONVERSION = YES;
				CLANG_WARN_COMMA = YES;
				CLANG_WARN_CONSTANT_CONVERSION = YES;
				CLANG_WARN_DEPRECATED_OBJC_IMPLEMENTATIONS = YES;
				CLANG_WARN_DIRECT_OBJC_ISA_USAGE = YES_ERROR;
				CLANG_WARN_DOCUMENTATION_COMMENTS = YES;
				CLANG_WARN_EMPTY_BODY = YES;
				CLANG_WARN_ENUM_CONVERSION = YES;
				CLANG_WARN_INFINITE_RECURSION = YES;
				CLANG_WARN_INT_CONVERSION = YES;
				CLANG_WARN_NON_LITERAL_NULL_CONVERSION = YES;
				CLANG_WARN_OBJC_IMPLICIT_RETAIN_SELF = YES;
				CLANG_WARN_OBJC_LITERAL_CONVERSION = YES;
				CLANG_WARN_OBJC_ROOT_CLASS = YES_ERROR;
				CLANG_WARN_QUOTED_INCLUDE_IN_FRAMEWORK_HEADER = YES;
				CLANG_WARN_RANGE_LOOP_ANALYSIS = YES;
				CLANG_WARN_STRICT_PROTOTYPES = YES;
				CLANG_WARN_SUSPICIOUS_MOVE = YES;
				CLANG_WARN_UNGUARDED_AVAILABILITY = YES_AGGRESSIVE;
				CLANG_WARN_UNREACHABLE_CODE = YES;
				CLANG_WARN__DUPLICATE_METHOD_MATCH = YES;
				COPY_PHASE_STRIP = NO;
				DEBUG_INFORMATION_FORMAT = dwarf;
				ENABLE_STRICT_OBJC_MSGSEND = YES;
				ENABLE_TESTABILITY = YES;
				ENABLE_USER_SCRIPT_SANDBOXING = YES;
				GCC_C_LANGUAGE_STANDARD = gnu17;
				GCC_DYNAMIC_NO_PIC = NO;
				GCC_NO_COMMON_BLOCKS = YES;
				GCC_OPTIMIZATION_LEVEL = 0;
				GCC_PREPROCESSOR_DEFINITIONS = (
					"DEBUG=1",
					"$(inherited)",
				);
				GCC_WARN_64_TO_32_BIT_CONVERSION = YES;
				GCC_WARN_ABOUT_RETURN_TYPE = YES_ERROR;
				GCC_WARN_UNDECLARED_SELECTOR = YES;
				GCC_WARN_UNINITIALIZED_AUTOS = YES_AGGRESSIVE;
				GCC_WARN_UNUSED_FUNCTION = YES;
				GCC_WARN_UNUSED_VARIABLE = YES;
				IPHONEOS_DEPLOYMENT_TARGET = 17.0;
				LOCALIZATION_PREFERS_STRING_CATALOGS = YES;
				MTL_ENABLE_DEBUG_INFO = INCLUDE_SOURCE;
				MTL_FAST_MATH = YES;
				ONLY_ACTIVE_ARCH = YES;
				SDKROOT = iphoneos;
				SWIFT_ACTIVE_COMPILATION_CONDITIONS = "DEBUG $(inherited)";
				SWIFT_OPTIMIZATION_LEVEL = "-Onone";
			};
			name = Debug;
		};
		F7000000000000000000A012 /* Release */ = {
			isa = XCBuildConfiguration;
			buildSettings = {
				ALWAYS_SEARCH_USER_PATHS = NO;
				ASSETCATALOG_COMPILER_GENERATE_SWIFT_ASSET_SYMBOL_EXTENSIONS = YES;
				CLANG_ANALYZER_NONNULL = YES;
				CLANG_ANALYZER_NUMBER_OBJECT_CONVERSION = YES_AGGRESSIVE;
				CLANG_CXX_LANGUAGE_STANDARD = "gnu++20";
				CLANG_ENABLE_MODULES = YES;
				CLANG_ENABLE_OBJC_ARC = YES;
				CLANG_ENABLE_OBJC_WEAK = YES;
				CLANG_WARN_BLOCK_CAPTURE_AUTORELEASING = YES;
				CLANG_WARN_BOOL_CONVERSION = YES;
				CLANG_WARN_COMMA = YES;
				CLANG_WARN_CONSTANT_CONVERSION = YES;
				CLANG_WARN_DEPRECATED_OBJC_IMPLEMENTATIONS = YES;
				CLANG_WARN_DIRECT_OBJC_ISA_USAGE = YES_ERROR;
				CLANG_WARN_DOCUMENTATION_COMMENTS = YES;
				CLANG_WARN_EMPTY_BODY = YES;
				CLANG_WARN_ENUM_CONVERSION = YES;
				CLANG_WARN_INFINITE_RECURSION = YES;
				CLANG_WARN_INT_CONVERSION = YES;
				CLANG_WARN_NON_LITERAL_NULL_CONVERSION = YES;
				CLANG_WARN_OBJC_IMPLICIT_RETAIN_SELF = YES;
				CLANG_WARN_OBJC_LITERAL_CONVERSION = YES;
				CLANG_WARN_OBJC_ROOT_CLASS = YES_ERROR;
				CLANG_WARN_QUOTED_INCLUDE_IN_FRAMEWORK_HEADER = YES;
				CLANG_WARN_RANGE_LOOP_ANALYSIS = YES;
				CLANG_WARN_STRICT_PROTOTYPES = YES;
				CLANG_WARN_SUSPICIOUS_MOVE = YES;
				CLANG_WARN_UNGUARDED_AVAILABILITY = YES_AGGRESSIVE;
				CLANG_WARN_UNREACHABLE_CODE = YES;
				CLANG_WARN__DUPLICATE_METHOD_MATCH = YES;
				COPY_PHASE_STRIP = NO;
				DEBUG_INFORMATION_FORMAT = "dwarf-with-dsym";
				ENABLE_NS_ASSERTIONS = NO;
				ENABLE_STRICT_OBJC_MSGSEND = YES;
				ENABLE_USER_SCRIPT_SANDBOXING = YES;
				GCC_C_LANGUAGE_STANDARD = gnu17;
				GCC_NO_COMMON_BLOCKS = YES;
				GCC_WARN_64_TO_32_BIT_CONVERSION = YES;
				GCC_WARN_ABOUT_RETURN_TYPE = YES_ERROR;
				GCC_WARN_UNDECLARED_SELECTOR = YES;
				GCC_WARN_UNINITIALIZED_AUTOS = YES_AGGRESSIVE;
				GCC_WARN_UNUSED_FUNCTION = YES;
				GCC_WARN_UNUSED_VARIABLE = YES;
				IPHONEOS_DEPLOYMENT_TARGET = 17.0;
				LOCALIZATION_PREFERS_STRING_CATALOGS = YES;
				MTL_ENABLE_DEBUG_INFO = NO;
				MTL_FAST_MATH = YES;
				SDKROOT = iphoneos;
				SWIFT_COMPILATION_MODE = wholemodule;
				VALIDATE_PRODUCT = YES;
			};
			name = Release;
		};
		F7000000000000000000A013 /* Debug */ = {
			isa = XCBuildConfiguration;
			buildSettings = {
				ASSETCATALOG_COMPILER_APPICON_NAME = AppIcon;
				ASSETCATALOG_COMPILER_GLOBAL_ACCENT_COLOR_NAME = AccentColor;
				CODE_SIGN_STYLE = Automatic;
				CURRENT_PROJECT_VERSION = 1;
				ENABLE_PREVIEWS = YES;
				GENERATE_INFOPLIST_FILE = YES;
				INFOPLIST_KEY_UIApplicationSceneManifest_Generation = YES;
				INFOPLIST_KEY_UIApplicationSupportsIndirectInputEvents = YES;
				INFOPLIST_KEY_UILaunchScreen_Generation = YES;
				INFOPLIST_KEY_UISupportedInterfaceOrientations = "UIInterfaceOrientationPortrait";
				INFOPLIST_KEY_UISupportedInterfaceOrientations_iPad = "UIInterfaceOrientationPortrait UIInterfaceOrientationPortraitUpsideDown UIInterfaceOrientationLandscapeLeft UIInterfaceOrientationLandscapeRight";
				LD_RUNPATH_SEARCH_PATHS = (
					"$(inherited)",
					"@executable_path/Frameworks",
				);
				MARKETING_VERSION = 1.0;
				PRODUCT_BUNDLE_IDENTIFIER = com.gentlemates.widget;
				PRODUCT_NAME = "$(TARGET_NAME)";
				SWIFT_EMIT_LOC_STRINGS = YES;
				SWIFT_VERSION = 5.0;
				TARGETED_DEVICE_FAMILY = "1,2";
			};
			name = Debug;
		};
		F7000000000000000000A014 /* Release */ = {
			isa = XCBuildConfiguration;
			buildSettings = {
				ASSETCATALOG_COMPILER_APPICON_NAME = AppIcon;
				ASSETCATALOG_COMPILER_GLOBAL_ACCENT_COLOR_NAME = AccentColor;
				CODE_SIGN_STYLE = Automatic;
				CURRENT_PROJECT_VERSION = 1;
				ENABLE_PREVIEWS = YES;
				GENERATE_INFOPLIST_FILE = YES;
				INFOPLIST_KEY_UIApplicationSceneManifest_Generation = YES;
				INFOPLIST_KEY_UIApplicationSupportsIndirectInputEvents = YES;
				INFOPLIST_KEY_UILaunchScreen_Generation = YES;
				INFOPLIST_KEY_UISupportedInterfaceOrientations = "UIInterfaceOrientationPortrait";
				INFOPLIST_KEY_UISupportedInterfaceOrientations_iPad = "UIInterfaceOrientationPortrait UIInterfaceOrientationPortraitUpsideDown UIInterfaceOrientationLandscapeLeft UIInterfaceOrientationLandscapeRight";
				LD_RUNPATH_SEARCH_PATHS = (
					"$(inherited)",
					"@executable_path/Frameworks",
				);
				MARKETING_VERSION = 1.0;
				PRODUCT_BUNDLE_IDENTIFIER = com.gentlemates.widget;
				PRODUCT_NAME = "$(TARGET_NAME)";
				SWIFT_EMIT_LOC_STRINGS = YES;
				SWIFT_VERSION = 5.0;
				TARGETED_DEVICE_FAMILY = "1,2";
			};
			name = Release;
		};
		F7000000000000000000A015 /* Debug */ = {
			isa = XCBuildConfiguration;
			buildSettings = {
				ASSETCATALOG_COMPILER_GLOBAL_ACCENT_COLOR_NAME = AccentColor;
				CODE_SIGN_STYLE = Automatic;
				CURRENT_PROJECT_VERSION = 1;
				ENABLE_PREVIEWS = YES;
				GENERATE_INFOPLIST_FILE = YES;
				INFOPLIST_FILE = GentleMatesWidgetExtension/Info.plist;
				INFOPLIST_KEY_CFBundleDisplayName = "Gentle Mates Widget";
				INFOPLIST_KEY_NSHumanReadableCopyright = "";
				LD_RUNPATH_SEARCH_PATHS = (
					"$(inherited)",
					"@executable_path/Frameworks",
					"@executable_path/../../Frameworks",
				);
				MARKETING_VERSION = 1.0;
				PRODUCT_BUNDLE_IDENTIFIER = com.gentlemates.widget.extension;
				PRODUCT_NAME = "$(TARGET_NAME)";
				SKIP_INSTALL = YES;
				SWIFT_EMIT_LOC_STRINGS = YES;
				SWIFT_VERSION = 5.0;
				TARGETED_DEVICE_FAMILY = "1,2";
			};
			name = Debug;
		};
		F7000000000000000000A016 /* Release */ = {
			isa = XCBuildConfiguration;
			buildSettings = {
				ASSETCATALOG_COMPILER_GLOBAL_ACCENT_COLOR_NAME = AccentColor;
				CODE_SIGN_STYLE = Automatic;
				CURRENT_PROJECT_VERSION = 1;
				ENABLE_PREVIEWS = YES;
				GENERATE_INFOPLIST_FILE = YES;
				INFOPLIST_FILE = GentleMatesWidgetExtension/Info.plist;
				INFOPLIST_KEY_CFBundleDisplayName = "Gentle Mates Widget";
				INFOPLIST_KEY_NSHumanReadableCopyright = "";
				LD_RUNPATH_SEARCH_PATHS = (
					"$(inherited)",
					"@executable_path/Frameworks",
					"@executable_path/../../Frameworks",
				);
				MARKETING_VERSION = 1.0;
				PRODUCT_BUNDLE_IDENTIFIER = com.gentlemates.widget.extension;
				PRODUCT_NAME = "$(TARGET_NAME)";
				SKIP_INSTALL = YES;
				SWIFT_EMIT_LOC_STRINGS = YES;
				SWIFT_VERSION = 5.0;
				TARGETED_DEVICE_FAMILY = "1,2";
			};
			name = Release;
		};
/* End XCBuildConfiguration section */

/* Begin XCConfigurationList section */
		F6000000000000000000F001 /* Build configuration list for PBXProject "GentleMatesWidget" */ = {
			isa = XCConfigurationList;
			buildConfigurations = (
				F7000000000000000000A011 /* Debug */,
				F7000000000000000000A012 /* Release */,
			);
			defaultConfigurationIsVisible = 0;
			defaultConfigurationName = Release;
		};
		F6000000000000000000F002 /* Build configuration list for PBXNativeTarget "GentleMatesWidget" */ = {
			isa = XCConfigurationList;
			buildConfigurations = (
				F7000000000000000000A013 /* Debug */,
				F7000000000000000000A014 /* Release */,
			);
			defaultConfigurationIsVisible = 0;
			defaultConfigurationName = Release;
		};
		F6000000000000000000F003 /* Build configuration list for PBXNativeTarget "GentleMatesWidgetExtension" */ = {
			isa = XCConfigurationList;
			buildConfigurations = (
				F7000000000000000000A015 /* Debug */,
				F7000000000000000000A016 /* Release */,
			);
			defaultConfigurationIsVisible = 0;
			defaultConfigurationName = Release;
		};
/* End XCConfigurationList section */
	};
	rootObject = F8000000000000000000B001 /* Project object */;
}
